// !$*UTF8*$!
{
	archiveVersion = 1;
	classes = {
	};
	objectVersion = 46;
	objects = {

/* Begin PBXBuildFile section */
		0045249318915FD200245E89 /* Foundation.framework in Frameworks */ = {isa = PBXBuildFile; fileRef = 0045249218915FD200245E89 /* Foundation.framework */; };
		0045249518915FD200245E89 /* CoreGraphics.framework in Frameworks */ = {isa = PBXBuildFile; fileRef = 0045249418915FD200245E89 /* CoreGraphics.framework */; };
		0045249718915FD200245E89 /* UIKit.framework in Frameworks */ = {isa = PBXBuildFile; fileRef = 0045249618915FD200245E89 /* UIKit.framework */; };
		0045249D18915FD200245E89 /* InfoPlist.strings in Resources */ = {isa = PBXBuildFile; fileRef = 0045249B18915FD200245E89 /* InfoPlist.strings */; };
		0045249F18915FD200245E89 /* main.m in Sources */ = {isa = PBXBuildFile; fileRef = 0045249E18915FD200245E89 /* main.m */; };
		004524A318915FD200245E89 /* AppDelegate.m in Sources */ = {isa = PBXBuildFile; fileRef = 004524A218915FD200245E89 /* AppDelegate.m */; };
		004524A918915FD200245E89 /* ViewController.m in Sources */ = {isa = PBXBuildFile; fileRef = 004524A818915FD200245E89 /* ViewController.m */; };
		004524AB18915FD200245E89 /* Images.xcassets in Resources */ = {isa = PBXBuildFile; fileRef = 004524AA18915FD200245E89 /* Images.xcassets */; };
		004524B218915FD200245E89 /* XCTest.framework in Frameworks */ = {isa = PBXBuildFile; fileRef = 004524B118915FD200245E89 /* XCTest.framework */; };
		004524B318915FD200245E89 /* Foundation.framework in Frameworks */ = {isa = PBXBuildFile; fileRef = 0045249218915FD200245E89 /* Foundation.framework */; };
		004524B418915FD200245E89 /* UIKit.framework in Frameworks */ = {isa = PBXBuildFile; fileRef = 0045249618915FD200245E89 /* UIKit.framework */; };
		004524BC18915FD200245E89 /* InfoPlist.strings in Resources */ = {isa = PBXBuildFile; fileRef = 004524BA18915FD200245E89 /* InfoPlist.strings */; };
		004524BE18915FD200245E89 /* TCE__Trentino_Cultural_ExperienceTests.m in Sources */ = {isa = PBXBuildFile; fileRef = 004524BD18915FD200245E89 /* TCE__Trentino_Cultural_ExperienceTests.m */; };
		004524C81891601500245E89 /* ViewController.xib in Resources */ = {isa = PBXBuildFile; fileRef = 004524C71891601500245E89 /* ViewController.xib */; };
/* End PBXBuildFile section */

/* Begin PBXContainerItemProxy section */
		004524B518915FD200245E89 /* PBXContainerItemProxy */ = {
			isa = PBXContainerItemProxy;
			containerPortal = 0045248718915FD200245E89 /* Project object */;
			proxyType = 1;
			remoteGlobalIDString = 0045248E18915FD200245E89;
			remoteInfo = "TCE –Trentino Cultural Experience";
		};
/* End PBXContainerItemProxy section */

/* Begin PBXFileReference section */
		0045248F18915FD200245E89 /* TCE –Trentino Cultural Experience.app */ = {isa = PBXFileReference; explicitFileType = wrapper.application; includeInIndex = 0; path = "TCE –Trentino Cultural Experience.app"; sourceTree = BUILT_PRODUCTS_DIR; };
		0045249218915FD200245E89 /* Foundation.framework */ = {isa = PBXFileReference; lastKnownFileType = wrapper.framework; name = Foundation.framework; path = System/Library/Frameworks/Foundation.framework; sourceTree = SDKROOT; };
		0045249418915FD200245E89 /* CoreGraphics.framework */ = {isa = PBXFileReference; lastKnownFileType = wrapper.framework; name = CoreGraphics.framework; path = System/Library/Frameworks/CoreGraphics.framework; sourceTree = SDKROOT; };
		0045249618915FD200245E89 /* UIKit.framework */ = {isa = PBXFileReference; lastKnownFileType = wrapper.framework; name = UIKit.framework; path = System/Library/Frameworks/UIKit.framework; sourceTree = SDKROOT; };
		0045249A18915FD200245E89 /* TCE –Trentino Cultural Experience-Info.plist */ = {isa = PBXFileReference; lastKnownFileType = text.plist.xml; path = "TCE –Trentino Cultural Experience-Info.plist"; sourceTree = "<group>"; };
		0045249C18915FD200245E89 /* en */ = {isa = PBXFileReference; lastKnownFileType = text.plist.strings; name = en; path = en.lproj/InfoPlist.strings; sourceTree = "<group>"; };
		0045249E18915FD200245E89 /* main.m */ = {isa = PBXFileReference; lastKnownFileType = sourcecode.c.objc; path = main.m; sourceTree = "<group>"; };
		004524A018915FD200245E89 /* TCE –Trentino Cultural Experience-Prefix.pch */ = {isa = PBXFileReference; lastKnownFileType = sourcecode.c.h; path = "TCE –Trentino Cultural Experience-Prefix.pch"; sourceTree = "<group>"; };
		004524A118915FD200245E89 /* AppDelegate.h */ = {isa = PBXFileReference; lastKnownFileType = sourcecode.c.h; path = AppDelegate.h; sourceTree = "<group>"; };
		004524A218915FD200245E89 /* AppDelegate.m */ = {isa = PBXFileReference; lastKnownFileType = sourcecode.c.objc; path = AppDelegate.m; sourceTree = "<group>"; };
		004524A718915FD200245E89 /* ViewController.h */ = {isa = PBXFileReference; lastKnownFileType = sourcecode.c.h; path = ViewController.h; sourceTree = "<group>"; };
		004524A818915FD200245E89 /* ViewController.m */ = {isa = PBXFileReference; lastKnownFileType = sourcecode.c.objc; path = ViewController.m; sourceTree = "<group>"; };
		004524AA18915FD200245E89 /* Images.xcassets */ = {isa = PBXFileReference; lastKnownFileType = folder.assetcatalog; path = Images.xcassets; sourceTree = "<group>"; };
		004524B018915FD200245E89 /* TCE –Trentino Cultural ExperienceTests.xctest */ = {isa = PBXFileReference; explicitFileType = wrapper.cfbundle; includeInIndex = 0; path = "TCE –Trentino Cultural ExperienceTests.xctest"; sourceTree = BUILT_PRODUCTS_DIR; };
		004524B118915FD200245E89 /* XCTest.framework */ = {isa = PBXFileReference; lastKnownFileType = wrapper.framework; name = XCTest.framework; path = Library/Frameworks/XCTest.framework; sourceTree = DEVELOPER_DIR; };
		004524B918915FD200245E89 /* TCE –Trentino Cultural ExperienceTests-Info.plist */ = {isa = PBXFileReference; lastKnownFileType = text.plist.xml; path = "TCE –Trentino Cultural ExperienceTests-Info.plist"; sourceTree = "<group>"; };
		004524BB18915FD200245E89 /* en */ = {isa = PBXFileReference; lastKnownFileType = text.plist.strings; name = en; path = en.lproj/InfoPlist.strings; sourceTree = "<group>"; };
		004524BD18915FD200245E89 /* TCE__Trentino_Cultural_ExperienceTests.m */ = {isa = PBXFileReference; lastKnownFileType = sourcecode.c.objc; path = TCE__Trentino_Cultural_ExperienceTests.m; sourceTree = "<group>"; };
		004524C71891601500245E89 /* ViewController.xib */ = {isa = PBXFileReference; fileEncoding = 4; lastKnownFileType = file.xib; path = ViewController.xib; sourceTree = "<group>"; };
/* End PBXFileReference section */

/* Begin PBXFrameworksBuildPhase section */
		0045248C18915FD200245E89 /* Frameworks */ = {
			isa = PBXFrameworksBuildPhase;
			buildActionMask = 2147483647;
			files = (
				0045249518915FD200245E89 /* CoreGraphics.framework in Frameworks */,
				0045249718915FD200245E89 /* UIKit.framework in Frameworks */,
				0045249318915FD200245E89 /* Foundation.framework in Frameworks */,
			);
			runOnlyForDeploymentPostprocessing = 0;
		};
		004524AD18915FD200245E89 /* Frameworks */ = {
			isa = PBXFrameworksBuildPhase;
			buildActionMask = 2147483647;
			files = (
				004524B218915FD200245E89 /* XCTest.framework in Frameworks */,
				004524B418915FD200245E89 /* UIKit.framework in Frameworks */,
				004524B318915FD200245E89 /* Foundation.framework in Frameworks */,
			);
			runOnlyForDeploymentPostprocessing = 0;
		};
/* End PBXFrameworksBuildPhase section */

/* Begin PBXGroup section */
		0045248618915FD200245E89 = {
			isa = PBXGroup;
			children = (
				0045249818915FD200245E89 /* TCE –Trentino Cultural Experience */,
				004524B718915FD200245E89 /* TCE –Trentino Cultural ExperienceTests */,
				0045249118915FD200245E89 /* Frameworks */,
				0045249018915FD200245E89 /* Products */,
			);
			sourceTree = "<group>";
		};
		0045249018915FD200245E89 /* Products */ = {
			isa = PBXGroup;
			children = (
				0045248F18915FD200245E89 /* TCE –Trentino Cultural Experience.app */,
				004524B018915FD200245E89 /* TCE –Trentino Cultural ExperienceTests.xctest */,
			);
			name = Products;
			sourceTree = "<group>";
		};
		0045249118915FD200245E89 /* Frameworks */ = {
			isa = PBXGroup;
			children = (
				0045249218915FD200245E89 /* Foundation.framework */,
				0045249418915FD200245E89 /* CoreGraphics.framework */,
				0045249618915FD200245E89 /* UIKit.framework */,
				004524B118915FD200245E89 /* XCTest.framework */,
			);
			name = Frameworks;
			sourceTree = "<group>";
		};
		0045249818915FD200245E89 /* TCE –Trentino Cultural Experience */ = {
			isa = PBXGroup;
			children = (
				004524A118915FD200245E89 /* AppDelegate.h */,
				004524A218915FD200245E89 /* AppDelegate.m */,
				004524A718915FD200245E89 /* ViewController.h */,
				004524A818915FD200245E89 /* ViewController.m */,
				004524C71891601500245E89 /* ViewController.xib */,
				004524AA18915FD200245E89 /* Images.xcassets */,
				0045249918915FD200245E89 /* Supporting Files */,
			);
			path = "TCE –Trentino Cultural Experience";
			sourceTree = "<group>";
		};
		0045249918915FD200245E89 /* Supporting Files */ = {
			isa = PBXGroup;
			children = (
				0045249A18915FD200245E89 /* TCE –Trentino Cultural Experience-Info.plist */,
				0045249B18915FD200245E89 /* InfoPlist.strings */,
				0045249E18915FD200245E89 /* main.m */,
				004524A018915FD200245E89 /* TCE –Trentino Cultural Experience-Prefix.pch */,
			);
			name = "Supporting Files";
			sourceTree = "<group>";
		};
		004524B718915FD200245E89 /* TCE –Trentino Cultural ExperienceTests */ = {
			isa = PBXGroup;
			children = (
				004524BD18915FD200245E89 /* TCE__Trentino_Cultural_ExperienceTests.m */,
				004524B818915FD200245E89 /* Supporting Files */,
			);
			path = "TCE –Trentino Cultural ExperienceTests";
			sourceTree = "<group>";
		};
		004524B818915FD200245E89 /* Supporting Files */ = {
			isa = PBXGroup;
			children = (
				004524B918915FD200245E89 /* TCE –Trentino Cultural ExperienceTests-Info.plist */,
				004524BA18915FD200245E89 /* InfoPlist.strings */,
			);
			name = "Supporting Files";
			sourceTree = "<group>";
		};
/* End PBXGroup section */

/* Begin PBXNativeTarget section */
		0045248E18915FD200245E89 /* TCE –Trentino Cultural Experience */ = {
			isa = PBXNativeTarget;
			buildConfigurationList = 004524C118915FD200245E89 /* Build configuration list for PBXNativeTarget "TCE –Trentino Cultural Experience" */;
			buildPhases = (
				0045248B18915FD200245E89 /* Sources */,
				0045248C18915FD200245E89 /* Frameworks */,
				0045248D18915FD200245E89 /* Resources */,
			);
			buildRules = (
			);
			dependencies = (
			);
			name = "TCE –Trentino Cultural Experience";
			productName = "TCE –Trentino Cultural Experience";
			productReference = 0045248F18915FD200245E89 /* TCE –Trentino Cultural Experience.app */;
			productType = "com.apple.product-type.application";
		};
		004524AF18915FD200245E89 /* TCE –Trentino Cultural ExperienceTests */ = {
			isa = PBXNativeTarget;
			buildConfigurationList = 004524C418915FD200245E89 /* Build configuration list for PBXNativeTarget "TCE –Trentino Cultural ExperienceTests" */;
			buildPhases = (
				004524AC18915FD200245E89 /* Sources */,
				004524AD18915FD200245E89 /* Frameworks */,
				004524AE18915FD200245E89 /* Resources */,
			);
			buildRules = (
			);
			dependencies = (
				004524B618915FD200245E89 /* PBXTargetDependency */,
			);
			name = "TCE –Trentino Cultural ExperienceTests";
			productName = "TCE –Trentino Cultural ExperienceTests";
			productReference = 004524B018915FD200245E89 /* TCE –Trentino Cultural ExperienceTests.xctest */;
			productType = "com.apple.product-type.bundle.unit-test";
		};
/* End PBXNativeTarget section */

/* Begin PBXProject section */
		0045248718915FD200245E89 /* Project object */ = {
			isa = PBXProject;
			attributes = {
				LastUpgradeCheck = 0500;
				ORGANIZATIONNAME = "Michele Fuschillo";
				TargetAttributes = {
					004524AF18915FD200245E89 = {
						TestTargetID = 0045248E18915FD200245E89;
					};
				};
			};
			buildConfigurationList = 0045248A18915FD200245E89 /* Build configuration list for PBXProject "TCE –Trentino Cultural Experience" */;
			compatibilityVersion = "Xcode 3.2";
			developmentRegion = English;
			hasScannedForEncodings = 0;
			knownRegions = (
				en,
				Base,
			);
			mainGroup = 0045248618915FD200245E89;
			productRefGroup = 0045249018915FD200245E89 /* Products */;
			projectDirPath = "";
			projectRoot = "";
			targets = (
				0045248E18915FD200245E89 /* TCE –Trentino Cultural Experience */,
				004524AF18915FD200245E89 /* TCE –Trentino Cultural ExperienceTests */,
			);
		};
/* End PBXProject section */

/* Begin PBXResourcesBuildPhase section */
		0045248D18915FD200245E89 /* Resources */ = {
			isa = PBXResourcesBuildPhase;
			buildActionMask = 2147483647;
			files = (
				004524AB18915FD200245E89 /* Images.xcassets in Resources */,
				004524C81891601500245E89 /* ViewController.xib in Resources */,
				0045249D18915FD200245E89 /* InfoPlist.strings in Resources */,
			);
			runOnlyForDeploymentPostprocessing = 0;
		};
		004524AE18915FD200245E89 /* Resources */ = {
			isa = PBXResourcesBuildPhase;
			buildActionMask = 2147483647;
			files = (
				004524BC18915FD200245E89 /* InfoPlist.strings in Resources */,
			);
			runOnlyForDeploymentPostprocessing = 0;
		};
/* End PBXResourcesBuildPhase section */

/* Begin PBXSourcesBuildPhase section */
		0045248B18915FD200245E89 /* Sources */ = {
			isa = PBXSourcesBuildPhase;
			buildActionMask = 2147483647;
			files = (
				004524A918915FD200245E89 /* ViewController.m in Sources */,
				004524A318915FD200245E89 /* AppDelegate.m in Sources */,
				0045249F18915FD200245E89 /* main.m in Sources */,
			);
			runOnlyForDeploymentPostprocessing = 0;
		};
		004524AC18915FD200245E89 /* Sources */ = {
			isa = PBXSourcesBuildPhase;
			buildActionMask = 2147483647;
			files = (
				004524BE18915FD200245E89 /* TCE__Trentino_Cultural_ExperienceTests.m in Sources */,
			);
			runOnlyForDeploymentPostprocessing = 0;
		};
/* End PBXSourcesBuildPhase section */

/* Begin PBXTargetDependency section */
		004524B618915FD200245E89 /* PBXTargetDependency */ = {
			isa = PBXTargetDependency;
			target = 0045248E18915FD200245E89 /* TCE –Trentino Cultural Experience */;
			targetProxy = 004524B518915FD200245E89 /* PBXContainerItemProxy */;
		};
/* End PBXTargetDependency section */

/* Begin PBXVariantGroup section */
		0045249B18915FD200245E89 /* InfoPlist.strings */ = {
			isa = PBXVariantGroup;
			children = (
				0045249C18915FD200245E89 /* en */,
			);
			name = InfoPlist.strings;
			sourceTree = "<group>";
		};
		004524BA18915FD200245E89 /* InfoPlist.strings */ = {
			isa = PBXVariantGroup;
			children = (
				004524BB18915FD200245E89 /* en */,
			);
			name = InfoPlist.strings;
			sourceTree = "<group>";
		};
/* End PBXVariantGroup section */

/* Begin XCBuildConfiguration section */
		004524BF18915FD200245E89 /* Debug */ = {
			isa = XCBuildConfiguration;
			buildSettings = {
				ALWAYS_SEARCH_USER_PATHS = NO;
				ARCHS = "$(ARCHS_STANDARD_INCLUDING_64_BIT)";
				CLANG_CXX_LANGUAGE_STANDARD = "gnu++0x";
				CLANG_CXX_LIBRARY = "libc++";
				CLANG_ENABLE_MODULES = YES;
				CLANG_ENABLE_OBJC_ARC = YES;
				CLANG_WARN_BOOL_CONVERSION = YES;
				CLANG_WARN_CONSTANT_CONVERSION = YES;
				CLANG_WARN_DIRECT_OBJC_ISA_USAGE = YES_ERROR;
				CLANG_WARN_EMPTY_BODY = YES;
				CLANG_WARN_ENUM_CONVERSION = YES;
				CLANG_WARN_INT_CONVERSION = YES;
				CLANG_WARN_OBJC_ROOT_CLASS = YES_ERROR;
				CLANG_WARN__DUPLICATE_METHOD_MATCH = YES;
				"CODE_SIGN_IDENTITY[sdk=iphoneos*]" = "iPhone Developer";
				COPY_PHASE_STRIP = NO;
				GCC_C_LANGUAGE_STANDARD = gnu99;
				GCC_DYNAMIC_NO_PIC = NO;
				GCC_OPTIMIZATION_LEVEL = 0;
				GCC_PREPROCESSOR_DEFINITIONS = (
					"DEBUG=1",
					"$(inherited)",
				);
				GCC_SYMBOLS_PRIVATE_EXTERN = NO;
				GCC_WARN_64_TO_32_BIT_CONVERSION = YES;
				GCC_WARN_ABOUT_RETURN_TYPE = YES_ERROR;
				GCC_WARN_UNDECLARED_SELECTOR = YES;
				GCC_WARN_UNINITIALIZED_AUTOS = YES;
				GCC_WARN_UNUSED_FUNCTION = YES;
				GCC_WARN_UNUSED_VARIABLE = YES;
				IPHONEOS_DEPLOYMENT_TARGET = 7.0;
				ONLY_ACTIVE_ARCH = YES;
				SDKROOT = iphoneos;
			};
			name = Debug;
		};
		004524C018915FD200245E89 /* Release */ = {
			isa = XCBuildConfiguration;
			buildSettings = {
				ALWAYS_SEARCH_USER_PATHS = NO;
				ARCHS = "$(ARCHS_STANDARD_INCLUDING_64_BIT)";
				CLANG_CXX_LANGUAGE_STANDARD = "gnu++0x";
				CLANG_CXX_LIBRARY = "libc++";
				CLANG_ENABLE_MODULES = YES;
				CLANG_ENABLE_OBJC_ARC = YES;
				CLANG_WARN_BOOL_CONVERSION = YES;
				CLANG_WARN_CONSTANT_CONVERSION = YES;
				CLANG_WARN_DIRECT_OBJC_ISA_USAGE = YES_ERROR;
				CLANG_WARN_EMPTY_BODY = YES;
				CLANG_WARN_ENUM_CONVERSION = YES;
				CLANG_WARN_INT_CONVERSION = YES;
				CLANG_WARN_OBJC_ROOT_CLASS = YES_ERROR;
				CLANG_WARN__DUPLICATE_METHOD_MATCH = YES;
				"CODE_SIGN_IDENTITY[sdk=iphoneos*]" = "iPhone Developer";
				COPY_PHASE_STRIP = YES;
				ENABLE_NS_ASSERTIONS = NO;
				GCC_C_LANGUAGE_STANDARD = gnu99;
				GCC_WARN_64_TO_32_BIT_CONVERSION = YES;
				GCC_WARN_ABOUT_RETURN_TYPE = YES_ERROR;
				GCC_WARN_UNDECLARED_SELECTOR = YES;
				GCC_WARN_UNINITIALIZED_AUTOS = YES;
				GCC_WARN_UNUSED_FUNCTION = YES;
				GCC_WARN_UNUSED_VARIABLE = YES;
				IPHONEOS_DEPLOYMENT_TARGET = 7.0;
				SDKROOT = iphoneos;
				VALIDATE_PRODUCT = YES;
			};
			name = Release;
		};
		004524C218915FD200245E89 /* Debug */ = {
			isa = XCBuildConfiguration;
			buildSettings = {
				ASSETCATALOG_COMPILER_APPICON_NAME = AppIcon;
				ASSETCATALOG_COMPILER_LAUNCHIMAGE_NAME = LaunchImage;
				GCC_PRECOMPILE_PREFIX_HEADER = YES;
				GCC_PREFIX_HEADER = "TCE –Trentino Cultural Experience/TCE –Trentino Cultural Experience-Prefix.pch";
				INFOPLIST_FILE = "TCE –Trentino Cultural Experience/TCE –Trentino Cultural Experience-Info.plist";
				PRODUCT_NAME = "$(TARGET_NAME)";
				WRAPPER_EXTENSION = app;
			};
			name = Debug;
		};
		004524C318915FD200245E89 /* Release */ = {
			isa = XCBuildConfiguration;
			buildSettings = {
				ASSETCATALOG_COMPILER_APPICON_NAME = AppIcon;
				ASSETCATALOG_COMPILER_LAUNCHIMAGE_NAME = LaunchImage;
				GCC_PRECOMPILE_PREFIX_HEADER = YES;
				GCC_PREFIX_HEADER = "TCE –Trentino Cultural Experience/TCE –Trentino Cultural Experience-Prefix.pch";
				INFOPLIST_FILE = "TCE –Trentino Cultural Experience/TCE –Trentino Cultural Experience-Info.plist";
				PRODUCT_NAME = "$(TARGET_NAME)";
				WRAPPER_EXTENSION = app;
			};
			name = Release;
		};
		004524C518915FD200245E89 /* Debug */ = {
			isa = XCBuildConfiguration;
			buildSettings = {
				ARCHS = "$(ARCHS_STANDARD_INCLUDING_64_BIT)";
				BUNDLE_LOADER = "$(BUILT_PRODUCTS_DIR)/TCE –Trentino Cultural Experience.app/TCE –Trentino Cultural Experience";
				FRAMEWORK_SEARCH_PATHS = (
					"$(SDKROOT)/Developer/Library/Frameworks",
					"$(inherited)",
					"$(DEVELOPER_FRAMEWORKS_DIR)",
				);
				GCC_PRECOMPILE_PREFIX_HEADER = YES;
				GCC_PREFIX_HEADER = "TCE –Trentino Cultural Experience/TCE –Trentino Cultural Experience-Prefix.pch";
				GCC_PREPROCESSOR_DEFINITIONS = (
					"DEBUG=1",
					"$(inherited)",
				);
				INFOPLIST_FILE = "TCE –Trentino Cultural ExperienceTests/TCE –Trentino Cultural ExperienceTests-Info.plist";
				PRODUCT_NAME = "$(TARGET_NAME)";
				TEST_HOST = "$(BUNDLE_LOADER)";
				WRAPPER_EXTENSION = xctest;
			};
			name = Debug;
		};
		004524C618915FD200245E89 /* Release */ = {
			isa = XCBuildConfiguration;
			buildSettings = {
				ARCHS = "$(ARCHS_STANDARD_INCLUDING_64_BIT)";
				BUNDLE_LOADER = "$(BUILT_PRODUCTS_DIR)/TCE –Trentino Cultural Experience.app/TCE –Trentino Cultural Experience";
				FRAMEWORK_SEARCH_PATHS = (
					"$(SDKROOT)/Developer/Library/Frameworks",
					"$(inherited)",
					"$(DEVELOPER_FRAMEWORKS_DIR)",
				);
				GCC_PRECOMPILE_PREFIX_HEADER = YES;
				GCC_PREFIX_HEADER = "TCE –Trentino Cultural Experience/TCE –Trentino Cultural Experience-Prefix.pch";
				INFOPLIST_FILE = "TCE –Trentino Cultural ExperienceTests/TCE –Trentino Cultural ExperienceTests-Info.plist";
				PRODUCT_NAME = "$(TARGET_NAME)";
				TEST_HOST = "$(BUNDLE_LOADER)";
				WRAPPER_EXTENSION = xctest;
			};
			name = Release;
		};
/* End XCBuildConfiguration section */

/* Begin XCConfigurationList section */
		0045248A18915FD200245E89 /* Build configuration list for PBXProject "TCE –Trentino Cultural Experience" */ = {
			isa = XCConfigurationList;
			buildConfigurations = (
				004524BF18915FD200245E89 /* Debug */,
				004524C018915FD200245E89 /* Release */,
			);
			defaultConfigurationIsVisible = 0;
			defaultConfigurationName = Release;
		};
		004524C118915FD200245E89 /* Build configuration list for PBXNativeTarget "TCE –Trentino Cultural Experience" */ = {
			isa = XCConfigurationList;
			buildConfigurations = (
				004524C218915FD200245E89 /* Debug */,
				004524C318915FD200245E89 /* Release */,
			);
			defaultConfigurationIsVisible = 0;
		};
		004524C418915FD200245E89 /* Build configuration list for PBXNativeTarget "TCE –Trentino Cultural ExperienceTests" */ = {
			isa = XCConfigurationList;
			buildConfigurations = (
				004524C518915FD200245E89 /* Debug */,
				004524C618915FD200245E89 /* Release */,
			);
			defaultConfigurationIsVisible = 0;
		};
/* End XCConfigurationList section */
	};
	rootObject = 0045248718915FD200245E89 /* Project object */;
}
